
Microsoft Visual Studio Solution File, Format Version 12.00
# Visual Studio Version 18
VisualStudioVersion = 18.6.11822.322 stable
MinimumVisualStudioVersion = 10.0.40219.1
Project("{FAE04EC0-301F-11D3-BF4B-00C04F79EFBC}") = "SkyrimAEBackup", "SkyrimAEBackup.csproj", "{99C2BB2E-8426-0594-D33A-8D9C8BE902D0}"
EndProject
Global
	GlobalSection(SolutionConfigurationPlatforms) = preSolution
		Debug|Any CPU = Debug|Any CPU
		Release|Any CPU = Release|Any CPU
	EndGlobalSection
	GlobalSection(ProjectConfigurationPlatforms) = postSolution
		{99C2BB2E-8426-0594-D33A-8D9C8BE902D0}.Debug|Any CPU.ActiveCfg = Debug|Any CPU
		{99C2BB2E-8426-0594-D33A-8D9C8BE902D0}.Debug|Any CPU.Build.0 = Debug|Any CPU
		{99C2BB2E-8426-0594-D33A-8D9C8BE902D0}.Release|Any CPU.ActiveCfg = Release|Any CPU
		{99C2BB2E-8426-0594-D33A-8D9C8BE902D0}.Release|Any CPU.Build.0 = Release|Any CPU
	EndGlobalSection
	GlobalSection(SolutionProperties) = preSolution
		HideSolutionNode = FALSE
	EndGlobalSection
	GlobalSection(ExtensibilityGlobals) = postSolution
		SolutionGuid = {38EAD4E1-020C-4E34-8DE1-2AF480F3F501}
	EndGlobalSection
EndGlobal
